version = 1
requires-python = ">=3.12"

[manifest]
members = [
    "client",
    "data",
    "server",
    "unary",
]

[[package]]
name = "client"
version = "0.1.0"
source = { virtual = "src/client" }
dependencies = [
    { name = "grpcio" },
]

[package.metadata]
requires-dist = [{ name = "grpcio" }]

[[package]]
name = "data"
version = "0.1.0"
source = { virtual = "." }

[[package]]
name = "grpcio"
version = "1.68.0"
source = { registry = "https://pypi.org/simple" }
sdist = { url = "https://files.pythonhosted.org/packages/d5/da/132615afbfc722df4bba963844843a205aa298fd5f9a03fa2995e8dddf11/grpcio-1.68.0.tar.gz", hash = "sha256:7e7483d39b4a4fddb9906671e9ea21aaad4f031cdfc349fec76bdfa1e404543a", size = 12682655 }
wheels = [
    { url = "https://files.pythonhosted.org/packages/30/66/79508e13feee4182e6f2ea260ad4eea96b8b396bbf81334660142a6eecab/grpcio-1.68.0-cp312-cp312-linux_armv7l.whl", hash = "sha256:8af6137cc4ae8e421690d276e7627cfc726d4293f6607acf9ea7260bd8fc3d7d", size = 5147575 },
    { url = "https://files.pythonhosted.org/packages/41/8d/19ffe12a736f57e9860bad506c0e711dd3c9c7c9f06030cfd87fa3eb6b45/grpcio-1.68.0-cp312-cp312-macosx_10_9_universal2.whl", hash = "sha256:4028b8e9a3bff6f377698587d642e24bd221810c06579a18420a17688e421af7", size = 11126767 },
    { url = "https://files.pythonhosted.org/packages/9c/c6/9aa8178d0fa3c893531a3ef38fa65a0e9997047ded9a8a20e3aa5706f923/grpcio-1.68.0-cp312-cp312-manylinux_2_17_aarch64.whl", hash = "sha256:f60fa2adf281fd73ae3a50677572521edca34ba373a45b457b5ebe87c2d01e1d", size = 5644649 },
    { url = "https://files.pythonhosted.org/packages/36/91/e2c451a103b8b595d3e3725fc78c76242d38a96cfe22dd9a47c31faba99d/grpcio-1.68.0-cp312-cp312-manylinux_2_17_i686.manylinux2014_i686.whl", hash = "sha256:e18589e747c1e70b60fab6767ff99b2d0c359ea1db8a2cb524477f93cdbedf5b", size = 6292623 },
    { url = "https://files.pythonhosted.org/packages/0b/5f/cbb2c0dfb3f7b893b30d6daca0a7829067f302c55f20b9c470111f48e6e3/grpcio-1.68.0-cp312-cp312-manylinux_2_17_x86_64.manylinux2014_x86_64.whl", hash = "sha256:e0d30f3fee9372796f54d3100b31ee70972eaadcc87314be369360248a3dcffe", size = 5905873 },
    { url = "https://files.pythonhosted.org/packages/9d/37/ddc32a46baccac6a0a3cdcabd6908d23dfa526f061a1b81211fe029489c7/grpcio-1.68.0-cp312-cp312-musllinux_1_1_i686.whl", hash = "sha256:7e0a3e72c0e9a1acab77bef14a73a416630b7fd2cbd893c0a873edc47c42c8cd", size = 6630863 },
    { url = "https://files.pythonhosted.org/packages/45/69/4f74f67ae33be4422bd20050e09ad8b5318f8827a7eb153507de8fb78aef/grpcio-1.68.0-cp312-cp312-musllinux_1_1_x86_64.whl", hash = "sha256:a831dcc343440969aaa812004685ed322cdb526cd197112d0db303b0da1e8659", size = 6200368 },
    { url = "https://files.pythonhosted.org/packages/91/e9/25e51915cd972e8c66daf29644e653135f967d7411eccd2651fa347a6337/grpcio-1.68.0-cp312-cp312-win32.whl", hash = "sha256:5a180328e92b9a0050958ced34dddcb86fec5a8b332f5a229e353dafc16cd332", size = 3637786 },
    { url = "https://files.pythonhosted.org/packages/e2/1d/b1250907a727f08de6508d752f367e4b46d113d4eac9eb919ebd9da6a5d6/grpcio-1.68.0-cp312-cp312-win_amd64.whl", hash = "sha256:2bddd04a790b69f7a7385f6a112f46ea0b34c4746f361ebafe9ca0be567c78e9", size = 4390622 },
    { url = "https://files.pythonhosted.org/packages/fb/2d/d9cbdb75dc99141705f08474e97b181034c2e53a345d94b58e3c55f4dd92/grpcio-1.68.0-cp313-cp313-linux_armv7l.whl", hash = "sha256:fc05759ffbd7875e0ff2bd877be1438dfe97c9312bbc558c8284a9afa1d0f40e", size = 5149697 },
    { url = "https://files.pythonhosted.org/packages/6f/37/a848871a5adba8cd571fa89e8aabc40ca0c475bd78b2e645e1649b20e095/grpcio-1.68.0-cp313-cp313-macosx_10_13_universal2.whl", hash = "sha256:15fa1fe25d365a13bc6d52fcac0e3ee1f9baebdde2c9b3b2425f8a4979fccea1", size = 11084394 },
    { url = "https://files.pythonhosted.org/packages/1f/52/b09374aab9c9c2f66627ce7de39eef41d73670aa0f75286d91dcc22a2dd8/grpcio-1.68.0-cp313-cp313-manylinux_2_17_aarch64.whl", hash = "sha256:32a9cb4686eb2e89d97022ecb9e1606d132f85c444354c17a7dbde4a455e4a3b", size = 5645417 },
    { url = "https://files.pythonhosted.org/packages/01/78/ec5ad7c44d7adaf0b932fd41ce8c59a95177a8c79c947c77204600b652db/grpcio-1.68.0-cp313-cp313-manylinux_2_17_i686.manylinux2014_i686.whl", hash = "sha256:dba037ff8d284c8e7ea9a510c8ae0f5b016004f13c3648f72411c464b67ff2fb", size = 6291062 },
    { url = "https://files.pythonhosted.org/packages/f7/7f/7f5a1a8dc63a42b78ca930d195eb0c97aa7a09e8553bb3a07b7cf37f6bc1/grpcio-1.68.0-cp313-cp313-manylinux_2_17_x86_64.manylinux2014_x86_64.whl", hash = "sha256:0efbbd849867e0e569af09e165363ade75cf84f5229b2698d53cf22c7a4f9e21", size = 5906505 },
    { url = "https://files.pythonhosted.org/packages/41/7b/0b048b8ad1a09fab5f4567fba2a569fb9106c4c1bb473c009c25659542cb/grpcio-1.68.0-cp313-cp313-musllinux_1_1_i686.whl", hash = "sha256:4e300e6978df0b65cc2d100c54e097c10dfc7018b9bd890bbbf08022d47f766d", size = 6635069 },
    { url = "https://files.pythonhosted.org/packages/5e/c5/9f0ebc9cfba8309a15a9786c953ce99eaf4e1ca2df402b3c5ecf42493bd4/grpcio-1.68.0-cp313-cp313-musllinux_1_1_x86_64.whl", hash = "sha256:6f9c7ad1a23e1047f827385f4713b5b8c6c7d325705be1dd3e31fb00dcb2f665", size = 6200683 },
    { url = "https://files.pythonhosted.org/packages/ce/e1/d3eba05299d5acdae6c11d056308b885f1d1be0b328baa8233d5d139ec1d/grpcio-1.68.0-cp313-cp313-win32.whl", hash = "sha256:3ac7f10850fd0487fcce169c3c55509101c3bde2a3b454869639df2176b60a03", size = 3637301 },
    { url = "https://files.pythonhosted.org/packages/3c/c1/decb2b368a54c00a6ee815c3f610903f36432e3cb591d43369319826b05e/grpcio-1.68.0-cp313-cp313-win_amd64.whl", hash = "sha256:afbf45a62ba85a720491bfe9b2642f8761ff348006f5ef67e4622621f116b04a", size = 4390939 },
]

[[package]]
name = "grpcio-tools"
version = "1.68.0"
source = { registry = "https://pypi.org/simple" }
dependencies = [
    { name = "grpcio" },
    { name = "protobuf" },
    { name = "setuptools" },
]
sdist = { url = "https://files.pythonhosted.org/packages/81/40/47299f96fc21b9cd448cbebcbf174b1bedeaa1f82a1e7d4ed144d084d002/grpcio_tools-1.68.0.tar.gz", hash = "sha256:737804ec2225dd4cc27e633b4ca0e963b0795161bf678285fab6586e917fd867", size = 5275538 }
wheels = [
    { url = "https://files.pythonhosted.org/packages/b1/da/986224ace81c96a693f0e972b7cb330af06625dc57849aff9dcc95c98afa/grpcio_tools-1.68.0-cp312-cp312-linux_armv7l.whl", hash = "sha256:dd9a654af8536b3de8525bff72a245fef62d572eabf96ac946fe850e707cb27d", size = 2342316 },
    { url = "https://files.pythonhosted.org/packages/8e/55/25a9a8e47d0b7f0551309bb9af641f04d076e2995e10866b5e08d0d73628/grpcio_tools-1.68.0-cp312-cp312-macosx_10_9_universal2.whl", hash = "sha256:0f77957e3a0916a0dd18d57ce6b49d95fc9a5cfed92310f226339c0fda5394f6", size = 5585973 },
    { url = "https://files.pythonhosted.org/packages/a5/db/518695c93b86db44eef2445c245b51f8d3c7413cb22941b4ce5fc0377dc7/grpcio_tools-1.68.0-cp312-cp312-manylinux_2_17_aarch64.whl", hash = "sha256:92a09afe64fe26696595de2036e10967876d26b12c894cc9160f00152cacebe7", size = 2306181 },
    { url = "https://files.pythonhosted.org/packages/e8/18/8e395bea3f1ea1da49ca99685e670ec21251e8b6a6d37ced266109b33c32/grpcio_tools-1.68.0-cp312-cp312-manylinux_2_17_i686.manylinux2014_i686.whl", hash = "sha256:28ebdbad2ef16699d07400b65260240851049a75502eff69a59b127d3ab960f1", size = 2679660 },
    { url = "https://files.pythonhosted.org/packages/e5/f8/7b0bc247c3607c5a3a5f09c81d37b887f684cb3863837eaeacc24835a951/grpcio_tools-1.68.0-cp312-cp312-manylinux_2_17_x86_64.manylinux2014_x86_64.whl", hash = "sha256:5d3150d784d8050b10dcf5eb06e04fb90747a1547fed3a062a608d940fe57066", size = 2425466 },
    { url = "https://files.pythonhosted.org/packages/64/6a/91f8948b34c245b06ed738a49e0f29948168ecca967aee653f70cd8e9009/grpcio_tools-1.68.0-cp312-cp312-musllinux_1_1_i686.whl", hash = "sha256:261d98fd635595de42aadee848f9af46da6654d63791c888891e94f66c5d0682", size = 3289408 },
    { url = "https://files.pythonhosted.org/packages/97/d7/5ff90d41e8036cbcac4c2b4f53d303b778d23f74a3dbb40c625fc0f3e475/grpcio_tools-1.68.0-cp312-cp312-musllinux_1_1_x86_64.whl", hash = "sha256:061345c0079b9471f32230186ab01acb908ea0e577bc1699a8cf47acef8be4af", size = 2903935 },
    { url = "https://files.pythonhosted.org/packages/e1/26/c360f9ce0a0a49f375f2c487ba91daeb85e519ea6e1f9eed04781faabb12/grpcio_tools-1.68.0-cp312-cp312-win32.whl", hash = "sha256:533ce6791a5ba21e35d74c6c25caf4776f5692785a170c01ea1153783ad5af31", size = 946040 },
    { url = "https://files.pythonhosted.org/packages/13/96/dbc239492dac0abad04de84578a068b72f3bdff4c5afbc38a9587738b2ef/grpcio_tools-1.68.0-cp312-cp312-win_amd64.whl", hash = "sha256:56842a0ce74b4b92eb62cd5ee00181b2d3acc58ba0c4fd20d15a5db51f891ba6", size = 1096722 },
    { url = "https://files.pythonhosted.org/packages/29/63/ccdcb96d0f3a473b457f9b1cc78adb0f1226d7fed6cfffbbdeeb3ce88fbb/grpcio_tools-1.68.0-cp313-cp313-linux_armv7l.whl", hash = "sha256:1117a81592542f0c36575082daa6413c57ca39188b18a4c50ec7332616f4b97e", size = 2342127 },
    { url = "https://files.pythonhosted.org/packages/4d/28/1bbc4cd976f518bd45c1c1ec0d1d0a3db35adcdaf5245cbaaa95c2fdf548/grpcio_tools-1.68.0-cp313-cp313-macosx_10_13_universal2.whl", hash = "sha256:51e5a090849b30c99a2396d42140b8a3e558eff6cdfa12603f9582e2cd07724e", size = 5573889 },
    { url = "https://files.pythonhosted.org/packages/77/80/2ccdf2fd60b5ab822ff800c315afd5cbaf9368a58882b802cb64865740bb/grpcio_tools-1.68.0-cp313-cp313-manylinux_2_17_aarch64.whl", hash = "sha256:4fe611d89a1836df8936f066d39c7eb03d4241806449ec45d4b8e1c843ae8011", size = 2305568 },
    { url = "https://files.pythonhosted.org/packages/1a/9c/3b8e73b8e60aaacda101a4adfdec837e60a03a1dbf54c7b80f85ceff0c9c/grpcio_tools-1.68.0-cp313-cp313-manylinux_2_17_i686.manylinux2014_i686.whl", hash = "sha256:c10f3faa0cc4d89eb546f53b623837af23e86dc495d3b89510bcc0e0a6c0b8b2", size = 2678660 },
    { url = "https://files.pythonhosted.org/packages/ed/95/19a545674b81ad8b8783807a125f8b51210c29ab0cea6e79a2d21c0077c1/grpcio_tools-1.68.0-cp313-cp313-manylinux_2_17_x86_64.manylinux2014_x86_64.whl", hash = "sha256:46b537480b8fd2195d988120a28467601a2a3de2e504043b89fb90318e1eb754", size = 2425008 },
    { url = "https://files.pythonhosted.org/packages/00/c7/9da961471f7ec6f3d437e2bf91fec0247315c0f1151e2412e6d08852f3d4/grpcio_tools-1.68.0-cp313-cp313-musllinux_1_1_i686.whl", hash = "sha256:17d0c9004ea82b4213955a585401e80c30d4b37a1d4ace32ccdea8db4d3b7d43", size = 3288874 },
    { url = "https://files.pythonhosted.org/packages/f8/22/2147b3c104cba9dda2a28a375f88b27d86fd5f25e249d8e8547ca0ea04ef/grpcio_tools-1.68.0-cp313-cp313-musllinux_1_1_x86_64.whl", hash = "sha256:2919faae04fe47bad57fc9b578aeaab527da260e851f321a253b6b11862254a8", size = 2903220 },
    { url = "https://files.pythonhosted.org/packages/d7/d8/c9e8bd2bf3128608e14bb28266a0d587ebca8bfd8279b956da1f0f939270/grpcio_tools-1.68.0-cp313-cp313-win32.whl", hash = "sha256:ee86157ef899f58ba2fe1055cce0d33bd703e99aa6d5a0895581ac3969f06bfa", size = 945292 },
    { url = "https://files.pythonhosted.org/packages/f1/0d/99bd17898a923d40869a54f80bd79ff1013ef9c014d778c7750aa4493809/grpcio_tools-1.68.0-cp313-cp313-win_amd64.whl", hash = "sha256:d0470ffc6a93c86cdda48edd428d22e2fef17d854788d60d0d5f291038873157", size = 1096010 },
]

[[package]]
name = "protobuf"
version = "5.29.0"
source = { registry = "https://pypi.org/simple" }
sdist = { url = "https://files.pythonhosted.org/packages/6a/bb/8e59a30b83102a37d24f907f417febb58e5f544d4f124dd1edcd12e078bf/protobuf-5.29.0.tar.gz", hash = "sha256:445a0c02483869ed8513a585d80020d012c6dc60075f96fa0563a724987b1001", size = 424944 }
wheels = [
    { url = "https://files.pythonhosted.org/packages/31/cc/98140acbcc3e3a58c679d50dd4f04c3687bdd19690f388c65bb1ae4c1e5e/protobuf-5.29.0-cp310-abi3-win32.whl", hash = "sha256:ea7fb379b257911c8c020688d455e8f74efd2f734b72dc1ea4b4d7e9fd1326f2", size = 422709 },
    { url = "https://files.pythonhosted.org/packages/c9/91/38fb97b0cbe96109fa257536ad49dffdac3c8f86b46d9c85dc9e949b5291/protobuf-5.29.0-cp310-abi3-win_amd64.whl", hash = "sha256:34a90cf30c908f47f40ebea7811f743d360e202b6f10d40c02529ebd84afc069", size = 434510 },
    { url = "https://files.pythonhosted.org/packages/da/97/faeca508d61b231372cdc3006084fd97f21f3c8c726a2de5f2ebb8e4ab78/protobuf-5.29.0-cp38-abi3-macosx_10_9_universal2.whl", hash = "sha256:c931c61d0cc143a2e756b1e7f8197a508de5365efd40f83c907a9febf36e6b43", size = 417827 },
    { url = "https://files.pythonhosted.org/packages/eb/d6/c6a45a285374ab14499a9ef5a69e4e7b4911e641465681c1d602518d6ab2/protobuf-5.29.0-cp38-abi3-manylinux2014_aarch64.whl", hash = "sha256:85286a47caf63b34fa92fdc1fd98b649a8895db595cfa746c5286eeae890a0b1", size = 319576 },
    { url = "https://files.pythonhosted.org/packages/ee/2e/cc46181ddce0940647d21a8341bf2eddad247a5d030e8c30c7a342793978/protobuf-5.29.0-cp38-abi3-manylinux2014_x86_64.whl", hash = "sha256:0d10091d6d03537c3f902279fcf11e95372bdd36a79556311da0487455791b20", size = 319672 },
    { url = "https://files.pythonhosted.org/packages/7c/6c/dd1f0e8372ec2a8006102871d8da1466b116f3328db96972e19bf24f09ca/protobuf-5.29.0-py3-none-any.whl", hash = "sha256:88c4af76a73183e21061881360240c0cdd3c39d263b4e8fb570aaf83348d608f", size = 172553 },
]

[[package]]
name = "server"
version = "0.1.0"
source = { virtual = "src/server" }
dependencies = [
    { name = "grpcio" },
]

[package.metadata]
requires-dist = [{ name = "grpcio" }]

[[package]]
name = "setuptools"
version = "75.6.0"
source = { registry = "https://pypi.org/simple" }
sdist = { url = "https://files.pythonhosted.org/packages/43/54/292f26c208734e9a7f067aea4a7e282c080750c4546559b58e2e45413ca0/setuptools-75.6.0.tar.gz", hash = "sha256:8199222558df7c86216af4f84c30e9b34a61d8ba19366cc914424cdbd28252f6", size = 1337429 }
wheels = [
    { url = "https://files.pythonhosted.org/packages/55/21/47d163f615df1d30c094f6c8bbb353619274edccf0327b185cc2493c2c33/setuptools-75.6.0-py3-none-any.whl", hash = "sha256:ce74b49e8f7110f9bf04883b730f4765b774ef3ef28f722cce7c273d253aaf7d", size = 1224032 },
]

[[package]]
name = "unary"
version = "0.1.0"
source = { virtual = "src/protos" }
dependencies = [
    { name = "grpcio-tools" },
]

[package.metadata]
requires-dist = [{ name = "grpcio-tools" }]
